
Microsoft Visual Studio Solution File, Format Version 12.00
# Visual Studio Version 17
VisualStudioVersion = 17.11.35327.3
MinimumVisualStudioVersion = 10.0.40219.1
Project("{FAE04EC0-301F-11D3-BF4B-00C04F79EFBC}") = "5DiasDeCodigo", "5DiasDeCodigo\5DiasDeCodigo.csproj", "{A79AEDCF-03E8-40D4-9E0D-0631AD026619}"
EndProject
Global
	GlobalSection(SolutionConfigurationPlatforms) = preSolution
		Debug|Any CPU = Debug|Any CPU
		Release|Any CPU = Release|Any CPU
	EndGlobalSection
	GlobalSection(ProjectConfigurationPlatforms) = postSolution
		{A79AEDCF-03E8-40D4-9E0D-0631AD026619}.Debug|Any CPU.ActiveCfg = Debug|Any CPU
		{A79AEDCF-03E8-40D4-9E0D-0631AD026619}.Debug|Any CPU.Build.0 = Debug|Any CPU
		{A79AEDCF-03E8-40D4-9E0D-0631AD026619}.Release|Any CPU.ActiveCfg = Release|Any CPU
		{A79AEDCF-03E8-40D4-9E0D-0631AD026619}.Release|Any CPU.Build.0 = Release|Any CPU
	EndGlobalSection
	GlobalSection(SolutionProperties) = preSolution
		HideSolutionNode = FALSE
	EndGlobalSection
	GlobalSection(ExtensibilityGlobals) = postSolution
		SolutionGuid = {8E69E0C4-B736-4795-9F03-B511F39F3BB4}
	EndGlobalSection
EndGlobal
