
Microsoft Visual Studio Solution File, Format Version 12.00
# Visual Studio Version 17
VisualStudioVersion = 17.13.35913.81 d17.13
MinimumVisualStudioVersion = 10.0.40219.1
Project("{FAE04EC0-301F-11D3-BF4B-00C04F79EFBC}") = "Liskov-Substitution", "Liskov-Substitution\Liskov-Substitution.csproj", "{120893BB-E4C0-45AA-BEF8-462EC16C982B}"
EndProject
Global
	GlobalSection(SolutionConfigurationPlatforms) = preSolution
		Debug|Any CPU = Debug|Any CPU
		Release|Any CPU = Release|Any CPU
	EndGlobalSection
	GlobalSection(ProjectConfigurationPlatforms) = postSolution
		{120893BB-E4C0-45AA-BEF8-462EC16C982B}.Debug|Any CPU.ActiveCfg = Debug|Any CPU
		{120893BB-E4C0-45AA-BEF8-462EC16C982B}.Debug|Any CPU.Build.0 = Debug|Any CPU
		{120893BB-E4C0-45AA-BEF8-462EC16C982B}.Release|Any CPU.ActiveCfg = Release|Any CPU
		{120893BB-E4C0-45AA-BEF8-462EC16C982B}.Release|Any CPU.Build.0 = Release|Any CPU
	EndGlobalSection
	GlobalSection(SolutionProperties) = preSolution
		HideSolutionNode = FALSE
	EndGlobalSection
	GlobalSection(ExtensibilityGlobals) = postSolution
		SolutionGuid = {0D3C564C-0479-481F-B209-047E7E9055E9}
	EndGlobalSection
EndGlobal
