
Microsoft Visual Studio Solution File, Format Version 12.00
# Visual Studio Version 17
VisualStudioVersion = 17.11.35327.3
MinimumVisualStudioVersion = 10.0.40219.1
Project("{FAE04EC0-301F-11D3-BF4B-00C04F79EFBC}") = "15DiasDeCodigo", "15DiasDeCodigo\15DiasDeCodigo.csproj", "{2378AF0D-22B6-4449-8B3D-F1D8AB846496}"
EndProject
Global
	GlobalSection(SolutionConfigurationPlatforms) = preSolution
		Debug|Any CPU = Debug|Any CPU
		Release|Any CPU = Release|Any CPU
	EndGlobalSection
	GlobalSection(ProjectConfigurationPlatforms) = postSolution
		{2378AF0D-22B6-4449-8B3D-F1D8AB846496}.Debug|Any CPU.ActiveCfg = Debug|Any CPU
		{2378AF0D-22B6-4449-8B3D-F1D8AB846496}.Debug|Any CPU.Build.0 = Debug|Any CPU
		{2378AF0D-22B6-4449-8B3D-F1D8AB846496}.Release|Any CPU.ActiveCfg = Release|Any CPU
		{2378AF0D-22B6-4449-8B3D-F1D8AB846496}.Release|Any CPU.Build.0 = Release|Any CPU
	EndGlobalSection
	GlobalSection(SolutionProperties) = preSolution
		HideSolutionNode = FALSE
	EndGlobalSection
	GlobalSection(ExtensibilityGlobals) = postSolution
		SolutionGuid = {2B6F292C-909A-41AB-93A0-733F045457CE}
	EndGlobalSection
EndGlobal
