
Microsoft Visual Studio Solution File, Format Version 12.00
# Visual Studio Version 17
VisualStudioVersion = 17.11.35327.3
MinimumVisualStudioVersion = 10.0.40219.1
Project("{FAE04EC0-301F-11D3-BF4B-00C04F79EFBC}") = "11DiasDeCodigo", "11DiasDeCodigo\11DiasDeCodigo.csproj", "{9C54C7F8-459D-4F62-ADEC-E8CF0AEAFAAC}"
EndProject
Global
	GlobalSection(SolutionConfigurationPlatforms) = preSolution
		Debug|Any CPU = Debug|Any CPU
		Release|Any CPU = Release|Any CPU
	EndGlobalSection
	GlobalSection(ProjectConfigurationPlatforms) = postSolution
		{9C54C7F8-459D-4F62-ADEC-E8CF0AEAFAAC}.Debug|Any CPU.ActiveCfg = Debug|Any CPU
		{9C54C7F8-459D-4F62-ADEC-E8CF0AEAFAAC}.Debug|Any CPU.Build.0 = Debug|Any CPU
		{9C54C7F8-459D-4F62-ADEC-E8CF0AEAFAAC}.Release|Any CPU.ActiveCfg = Release|Any CPU
		{9C54C7F8-459D-4F62-ADEC-E8CF0AEAFAAC}.Release|Any CPU.Build.0 = Release|Any CPU
	EndGlobalSection
	GlobalSection(SolutionProperties) = preSolution
		HideSolutionNode = FALSE
	EndGlobalSection
	GlobalSection(ExtensibilityGlobals) = postSolution
		SolutionGuid = {EB96646C-F3B7-407F-BC15-EA98BACA78C3}
	EndGlobalSection
EndGlobal
