
Microsoft Visual Studio Solution File, Format Version 12.00
# Visual Studio Version 16
VisualStudioVersion = 16.0.30002.166
MinimumVisualStudioVersion = 10.0.40219.1
Project("{9A19103F-16F7-4668-BE54-9A1E7A4F7556}") = "cursoFoop_Exercicio_SOLID1", "cursoFoop_Exercicio_SOLID1\cursoFoop_Exercicio_SOLID1.csproj", "{8DB51ED9-5C49-44DA-B0DB-53DEA7872E52}"
EndProject
Global
	GlobalSection(SolutionConfigurationPlatforms) = preSolution
		Debug|Any CPU = Debug|Any CPU
		Release|Any CPU = Release|Any CPU
	EndGlobalSection
	GlobalSection(ProjectConfigurationPlatforms) = postSolution
		{8DB51ED9-5C49-44DA-B0DB-53DEA7872E52}.Debug|Any CPU.ActiveCfg = Debug|Any CPU
		{8DB51ED9-5C49-44DA-B0DB-53DEA7872E52}.Debug|Any CPU.Build.0 = Debug|Any CPU
		{8DB51ED9-5C49-44DA-B0DB-53DEA7872E52}.Release|Any CPU.ActiveCfg = Release|Any CPU
		{8DB51ED9-5C49-44DA-B0DB-53DEA7872E52}.Release|Any CPU.Build.0 = Release|Any CPU
	EndGlobalSection
	GlobalSection(SolutionProperties) = preSolution
		HideSolutionNode = FALSE
	EndGlobalSection
	GlobalSection(ExtensibilityGlobals) = postSolution
		SolutionGuid = {5A39AB7F-C23E-45B3-A85A-A0273AF31600}
	EndGlobalSection
EndGlobal
