
Microsoft Visual Studio Solution File, Format Version 12.00
# Visual Studio Version 17
VisualStudioVersion = 17.11.35327.3
MinimumVisualStudioVersion = 10.0.40219.1
Project("{FAE04EC0-301F-11D3-BF4B-00C04F79EFBC}") = "22DiasDeCodigo", "22DiasDeCodigo\22DiasDeCodigo.csproj", "{01ECB932-1612-4387-BCD1-E6A624D09795}"
EndProject
Global
	GlobalSection(SolutionConfigurationPlatforms) = preSolution
		Debug|Any CPU = Debug|Any CPU
		Release|Any CPU = Release|Any CPU
	EndGlobalSection
	GlobalSection(ProjectConfigurationPlatforms) = postSolution
		{01ECB932-1612-4387-BCD1-E6A624D09795}.Debug|Any CPU.ActiveCfg = Debug|Any CPU
		{01ECB932-1612-4387-BCD1-E6A624D09795}.Debug|Any CPU.Build.0 = Debug|Any CPU
		{01ECB932-1612-4387-BCD1-E6A624D09795}.Release|Any CPU.ActiveCfg = Release|Any CPU
		{01ECB932-1612-4387-BCD1-E6A624D09795}.Release|Any CPU.Build.0 = Release|Any CPU
	EndGlobalSection
	GlobalSection(SolutionProperties) = preSolution
		HideSolutionNode = FALSE
	EndGlobalSection
	GlobalSection(ExtensibilityGlobals) = postSolution
		SolutionGuid = {96AECC91-E75A-4AC0-BA86-378CDE81F2BF}
	EndGlobalSection
EndGlobal
