
Microsoft Visual Studio Solution File, Format Version 12.00
# Visual Studio Version 16
VisualStudioVersion = 16.0.30002.166
MinimumVisualStudioVersion = 10.0.40219.1
Project("{FAE04EC0-301F-11D3-BF4B-00C04F79EFBC}") = "CursoFoop_Solid_Exercicio2", "CursoFoop_Solid_Exercicio2\CursoFoop_Solid_Exercicio2.csproj", "{0FE2BB01-E771-4AFD-A069-252893D8EEA9}"
EndProject
Global
	GlobalSection(SolutionConfigurationPlatforms) = preSolution
		Debug|Any CPU = Debug|Any CPU
		Release|Any CPU = Release|Any CPU
	EndGlobalSection
	GlobalSection(ProjectConfigurationPlatforms) = postSolution
		{0FE2BB01-E771-4AFD-A069-252893D8EEA9}.Debug|Any CPU.ActiveCfg = Debug|Any CPU
		{0FE2BB01-E771-4AFD-A069-252893D8EEA9}.Debug|Any CPU.Build.0 = Debug|Any CPU
		{0FE2BB01-E771-4AFD-A069-252893D8EEA9}.Release|Any CPU.ActiveCfg = Release|Any CPU
		{0FE2BB01-E771-4AFD-A069-252893D8EEA9}.Release|Any CPU.Build.0 = Release|Any CPU
	EndGlobalSection
	GlobalSection(SolutionProperties) = preSolution
		HideSolutionNode = FALSE
	EndGlobalSection
	GlobalSection(ExtensibilityGlobals) = postSolution
		SolutionGuid = {AE0B2BE3-2994-4844-BBF3-7939197278CE}
	EndGlobalSection
EndGlobal
