
Microsoft Visual Studio Solution File, Format Version 12.00
# Visual Studio Version 16
VisualStudioVersion = 16.0.30002.166
MinimumVisualStudioVersion = 10.0.40219.1
Project("{FAE04EC0-301F-11D3-BF4B-00C04F79EFBC}") = "CursoFoop_Exercicio3", "CursoFoop_Exercicio3\CursoFoop_Exercicio3.csproj", "{FB3BE354-3804-4F01-89E7-5C550C68E7C0}"
EndProject
Global
	GlobalSection(SolutionConfigurationPlatforms) = preSolution
		Debug|Any CPU = Debug|Any CPU
		Release|Any CPU = Release|Any CPU
	EndGlobalSection
	GlobalSection(ProjectConfigurationPlatforms) = postSolution
		{FB3BE354-3804-4F01-89E7-5C550C68E7C0}.Debug|Any CPU.ActiveCfg = Debug|Any CPU
		{FB3BE354-3804-4F01-89E7-5C550C68E7C0}.Debug|Any CPU.Build.0 = Debug|Any CPU
		{FB3BE354-3804-4F01-89E7-5C550C68E7C0}.Release|Any CPU.ActiveCfg = Release|Any CPU
		{FB3BE354-3804-4F01-89E7-5C550C68E7C0}.Release|Any CPU.Build.0 = Release|Any CPU
	EndGlobalSection
	GlobalSection(SolutionProperties) = preSolution
		HideSolutionNode = FALSE
	EndGlobalSection
	GlobalSection(ExtensibilityGlobals) = postSolution
		SolutionGuid = {432A4E10-9DAB-4EFC-8ACE-530D52981A36}
	EndGlobalSection
EndGlobal
