
Microsoft Visual Studio Solution File, Format Version 12.00
# Visual Studio Version 17
VisualStudioVersion = 17.13.35913.81
MinimumVisualStudioVersion = 10.0.40219.1
Project("{FAE04EC0-301F-11D3-BF4B-00C04F79EFBC}") = "Sparky", "Sparky\Sparky.csproj", "{267F6968-3FDD-4420-BCDC-761196AE879F}"
EndProject
Project("{FAE04EC0-301F-11D3-BF4B-00C04F79EFBC}") = "SparkyMSTest", "SparkyMSTest\SparkyMSTest.csproj", "{64696C0E-50C2-447D-A151-41537704A6B2}"
EndProject
Project("{FAE04EC0-301F-11D3-BF4B-00C04F79EFBC}") = "SparkyNUnitTest", "SparkyNUnitTest\SparkyNUnitTest.csproj", "{E0E8BCDD-B352-4AC2-ACAD-79BBDE27AC42}"
EndProject
Project("{FAE04EC0-301F-11D3-BF4B-00C04F79EFBC}") = "SparkyXUnit", "SparkyXUnit\SparkyXUnit.csproj", "{42DAB79D-D97B-4B2F-9AEE-51C032D3B309}"
EndProject
Project("{2150E333-8FDC-42A3-9474-1A3956D46DE8}") = "Basic Foundation", "Basic Foundation", "{02EA681E-C7D8-13C7-8484-4AC65E1B71E8}"
EndProject
Project("{2150E333-8FDC-42A3-9474-1A3956D46DE8}") = "BongoWeb", "BongoWeb", "{F98DEC15-E071-46C2-A63D-CD2D102B9123}"
EndProject
Project("{FAE04EC0-301F-11D3-BF4B-00C04F79EFBC}") = "Bongo.Core", "Bongo_InitialSetup (.NET 6)\Bongo.Core\Bongo.Core.csproj", "{44D74A0B-92CB-41E7-8875-0B35031D83CC}"
EndProject
Project("{FAE04EC0-301F-11D3-BF4B-00C04F79EFBC}") = "Bongo.DataAccess", "Bongo_InitialSetup (.NET 6)\Bongo.DataAccess\Bongo.DataAccess.csproj", "{35FB5F8C-3980-C63C-79C8-44493D7270E8}"
EndProject
Project("{FAE04EC0-301F-11D3-BF4B-00C04F79EFBC}") = "Bongo.Models", "Bongo_InitialSetup (.NET 6)\Bongo.Models\Bongo.Models.csproj", "{FE41041F-44F8-25E1-32FB-467BE887C70C}"
EndProject
Project("{FAE04EC0-301F-11D3-BF4B-00C04F79EFBC}") = "Bongo.Web", "Bongo_InitialSetup (.NET 6)\Bongo.Web\Bongo.Web.csproj", "{0C233335-A125-51EB-A6D6-068010CE28EB}"
EndProject
Project("{FAE04EC0-301F-11D3-BF4B-00C04F79EFBC}") = "Bongo.Models.Tests", "Bongo.Models.Tests\Bongo.Models.Tests.csproj", "{D695F7F2-88C8-4217-A156-76DB4709CE9D}"
EndProject
Project("{FAE04EC0-301F-11D3-BF4B-00C04F79EFBC}") = "Bongo.DataAccess.Tests", "Bongo.DataAccess.Tests\Bongo.DataAccess.Tests.csproj", "{3B276187-D079-46FF-9A9C-B398A057DB42}"
EndProject
Global
	GlobalSection(SolutionConfigurationPlatforms) = preSolution
		Debug|Any CPU = Debug|Any CPU
		Release|Any CPU = Release|Any CPU
	EndGlobalSection
	GlobalSection(ProjectConfigurationPlatforms) = postSolution
		{267F6968-3FDD-4420-BCDC-761196AE879F}.Debug|Any CPU.ActiveCfg = Debug|Any CPU
		{267F6968-3FDD-4420-BCDC-761196AE879F}.Debug|Any CPU.Build.0 = Debug|Any CPU
		{267F6968-3FDD-4420-BCDC-761196AE879F}.Release|Any CPU.ActiveCfg = Release|Any CPU
		{267F6968-3FDD-4420-BCDC-761196AE879F}.Release|Any CPU.Build.0 = Release|Any CPU
		{64696C0E-50C2-447D-A151-41537704A6B2}.Debug|Any CPU.ActiveCfg = Debug|Any CPU
		{64696C0E-50C2-447D-A151-41537704A6B2}.Debug|Any CPU.Build.0 = Debug|Any CPU
		{64696C0E-50C2-447D-A151-41537704A6B2}.Release|Any CPU.ActiveCfg = Release|Any CPU
		{64696C0E-50C2-447D-A151-41537704A6B2}.Release|Any CPU.Build.0 = Release|Any CPU
		{E0E8BCDD-B352-4AC2-ACAD-79BBDE27AC42}.Debug|Any CPU.ActiveCfg = Debug|Any CPU
		{E0E8BCDD-B352-4AC2-ACAD-79BBDE27AC42}.Debug|Any CPU.Build.0 = Debug|Any CPU
		{E0E8BCDD-B352-4AC2-ACAD-79BBDE27AC42}.Release|Any CPU.ActiveCfg = Release|Any CPU
		{E0E8BCDD-B352-4AC2-ACAD-79BBDE27AC42}.Release|Any CPU.Build.0 = Release|Any CPU
		{42DAB79D-D97B-4B2F-9AEE-51C032D3B309}.Debug|Any CPU.ActiveCfg = Debug|Any CPU
		{42DAB79D-D97B-4B2F-9AEE-51C032D3B309}.Debug|Any CPU.Build.0 = Debug|Any CPU
		{42DAB79D-D97B-4B2F-9AEE-51C032D3B309}.Release|Any CPU.ActiveCfg = Release|Any CPU
		{42DAB79D-D97B-4B2F-9AEE-51C032D3B309}.Release|Any CPU.Build.0 = Release|Any CPU
		{44D74A0B-92CB-41E7-8875-0B35031D83CC}.Debug|Any CPU.ActiveCfg = Debug|Any CPU
		{44D74A0B-92CB-41E7-8875-0B35031D83CC}.Debug|Any CPU.Build.0 = Debug|Any CPU
		{44D74A0B-92CB-41E7-8875-0B35031D83CC}.Release|Any CPU.ActiveCfg = Release|Any CPU
		{44D74A0B-92CB-41E7-8875-0B35031D83CC}.Release|Any CPU.Build.0 = Release|Any CPU
		{35FB5F8C-3980-C63C-79C8-44493D7270E8}.Debug|Any CPU.ActiveCfg = Debug|Any CPU
		{35FB5F8C-3980-C63C-79C8-44493D7270E8}.Debug|Any CPU.Build.0 = Debug|Any CPU
		{35FB5F8C-3980-C63C-79C8-44493D7270E8}.Release|Any CPU.ActiveCfg = Release|Any CPU
		{35FB5F8C-3980-C63C-79C8-44493D7270E8}.Release|Any CPU.Build.0 = Release|Any CPU
		{FE41041F-44F8-25E1-32FB-467BE887C70C}.Debug|Any CPU.ActiveCfg = Debug|Any CPU
		{FE41041F-44F8-25E1-32FB-467BE887C70C}.Debug|Any CPU.Build.0 = Debug|Any CPU
		{FE41041F-44F8-25E1-32FB-467BE887C70C}.Release|Any CPU.ActiveCfg = Release|Any CPU
		{FE41041F-44F8-25E1-32FB-467BE887C70C}.Release|Any CPU.Build.0 = Release|Any CPU
		{0C233335-A125-51EB-A6D6-068010CE28EB}.Debug|Any CPU.ActiveCfg = Debug|Any CPU
		{0C233335-A125-51EB-A6D6-068010CE28EB}.Debug|Any CPU.Build.0 = Debug|Any CPU
		{0C233335-A125-51EB-A6D6-068010CE28EB}.Release|Any CPU.ActiveCfg = Release|Any CPU
		{0C233335-A125-51EB-A6D6-068010CE28EB}.Release|Any CPU.Build.0 = Release|Any CPU
		{D695F7F2-88C8-4217-A156-76DB4709CE9D}.Debug|Any CPU.ActiveCfg = Debug|Any CPU
		{D695F7F2-88C8-4217-A156-76DB4709CE9D}.Debug|Any CPU.Build.0 = Debug|Any CPU
		{D695F7F2-88C8-4217-A156-76DB4709CE9D}.Release|Any CPU.ActiveCfg = Release|Any CPU
		{D695F7F2-88C8-4217-A156-76DB4709CE9D}.Release|Any CPU.Build.0 = Release|Any CPU
		{3B276187-D079-46FF-9A9C-B398A057DB42}.Debug|Any CPU.ActiveCfg = Debug|Any CPU
		{3B276187-D079-46FF-9A9C-B398A057DB42}.Debug|Any CPU.Build.0 = Debug|Any CPU
		{3B276187-D079-46FF-9A9C-B398A057DB42}.Release|Any CPU.ActiveCfg = Release|Any CPU
		{3B276187-D079-46FF-9A9C-B398A057DB42}.Release|Any CPU.Build.0 = Release|Any CPU
	EndGlobalSection
	GlobalSection(SolutionProperties) = preSolution
		HideSolutionNode = FALSE
	EndGlobalSection
	GlobalSection(NestedProjects) = preSolution
		{267F6968-3FDD-4420-BCDC-761196AE879F} = {02EA681E-C7D8-13C7-8484-4AC65E1B71E8}
		{64696C0E-50C2-447D-A151-41537704A6B2} = {02EA681E-C7D8-13C7-8484-4AC65E1B71E8}
		{E0E8BCDD-B352-4AC2-ACAD-79BBDE27AC42} = {02EA681E-C7D8-13C7-8484-4AC65E1B71E8}
		{42DAB79D-D97B-4B2F-9AEE-51C032D3B309} = {02EA681E-C7D8-13C7-8484-4AC65E1B71E8}
		{44D74A0B-92CB-41E7-8875-0B35031D83CC} = {F98DEC15-E071-46C2-A63D-CD2D102B9123}
		{35FB5F8C-3980-C63C-79C8-44493D7270E8} = {F98DEC15-E071-46C2-A63D-CD2D102B9123}
		{FE41041F-44F8-25E1-32FB-467BE887C70C} = {F98DEC15-E071-46C2-A63D-CD2D102B9123}
		{0C233335-A125-51EB-A6D6-068010CE28EB} = {F98DEC15-E071-46C2-A63D-CD2D102B9123}
		{D695F7F2-88C8-4217-A156-76DB4709CE9D} = {F98DEC15-E071-46C2-A63D-CD2D102B9123}
		{3B276187-D079-46FF-9A9C-B398A057DB42} = {F98DEC15-E071-46C2-A63D-CD2D102B9123}
	EndGlobalSection
	GlobalSection(ExtensibilityGlobals) = postSolution
		SolutionGuid = {D6BDCCA4-3FE9-4B7C-AC5B-7759CB2C16A1}
	EndGlobalSection
EndGlobal
