
Microsoft Visual Studio Solution File, Format Version 12.00
# Visual Studio Version 17
VisualStudioVersion = 17.13.35913.81
MinimumVisualStudioVersion = 10.0.40219.1
Project("{FAE04EC0-301F-11D3-BF4B-00C04F79EFBC}") = "Sparky", "Sparky\Sparky.csproj", "{267F6968-3FDD-4420-BCDC-761196AE879F}"
EndProject
Project("{FAE04EC0-301F-11D3-BF4B-00C04F79EFBC}") = "SparkyMSTest", "SparkyMSTest\SparkyMSTest.csproj", "{64696C0E-50C2-447D-A151-41537704A6B2}"
EndProject
Project("{FAE04EC0-301F-11D3-BF4B-00C04F79EFBC}") = "SparkyNUnitTest", "SparkyNUnitTest\SparkyNUnitTest.csproj", "{E0E8BCDD-B352-4AC2-ACAD-79BBDE27AC42}"
EndProject
Project("{FAE04EC0-301F-11D3-BF4B-00C04F79EFBC}") = "SparkyXUnit", "SparkyXUnit\SparkyXUnit.csproj", "{42DAB79D-D97B-4B2F-9AEE-51C032D3B309}"
EndProject
Global
	GlobalSection(SolutionConfigurationPlatforms) = preSolution
		Debug|Any CPU = Debug|Any CPU
		Release|Any CPU = Release|Any CPU
	EndGlobalSection
	GlobalSection(ProjectConfigurationPlatforms) = postSolution
		{267F6968-3FDD-4420-BCDC-761196AE879F}.Debug|Any CPU.ActiveCfg = Debug|Any CPU
		{267F6968-3FDD-4420-BCDC-761196AE879F}.Debug|Any CPU.Build.0 = Debug|Any CPU
		{267F6968-3FDD-4420-BCDC-761196AE879F}.Release|Any CPU.ActiveCfg = Release|Any CPU
		{267F6968-3FDD-4420-BCDC-761196AE879F}.Release|Any CPU.Build.0 = Release|Any CPU
		{64696C0E-50C2-447D-A151-41537704A6B2}.Debug|Any CPU.ActiveCfg = Debug|Any CPU
		{64696C0E-50C2-447D-A151-41537704A6B2}.Debug|Any CPU.Build.0 = Debug|Any CPU
		{64696C0E-50C2-447D-A151-41537704A6B2}.Release|Any CPU.ActiveCfg = Release|Any CPU
		{64696C0E-50C2-447D-A151-41537704A6B2}.Release|Any CPU.Build.0 = Release|Any CPU
		{E0E8BCDD-B352-4AC2-ACAD-79BBDE27AC42}.Debug|Any CPU.ActiveCfg = Debug|Any CPU
		{E0E8BCDD-B352-4AC2-ACAD-79BBDE27AC42}.Debug|Any CPU.Build.0 = Debug|Any CPU
		{E0E8BCDD-B352-4AC2-ACAD-79BBDE27AC42}.Release|Any CPU.ActiveCfg = Release|Any CPU
		{E0E8BCDD-B352-4AC2-ACAD-79BBDE27AC42}.Release|Any CPU.Build.0 = Release|Any CPU
		{42DAB79D-D97B-4B2F-9AEE-51C032D3B309}.Debug|Any CPU.ActiveCfg = Debug|Any CPU
		{42DAB79D-D97B-4B2F-9AEE-51C032D3B309}.Debug|Any CPU.Build.0 = Debug|Any CPU
		{42DAB79D-D97B-4B2F-9AEE-51C032D3B309}.Release|Any CPU.ActiveCfg = Release|Any CPU
		{42DAB79D-D97B-4B2F-9AEE-51C032D3B309}.Release|Any CPU.Build.0 = Release|Any CPU
	EndGlobalSection
	GlobalSection(SolutionProperties) = preSolution
		HideSolutionNode = FALSE
	EndGlobalSection
	GlobalSection(ExtensibilityGlobals) = postSolution
		SolutionGuid = {D6BDCCA4-3FE9-4B7C-AC5B-7759CB2C16A1}
	EndGlobalSection
EndGlobal
