
Microsoft Visual Studio Solution File, Format Version 12.00
# Visual Studio Version 17
VisualStudioVersion = 17.13.35913.81 d17.13
MinimumVisualStudioVersion = 10.0.40219.1
Project("{FAE04EC0-301F-11D3-BF4B-00C04F79EFBC}") = "29DiasDeCodigo", "29DiasDeCodigo\29DiasDeCodigo.csproj", "{E36BCD7B-962F-417C-880B-930B6C38E63A}"
EndProject
Global
	GlobalSection(SolutionConfigurationPlatforms) = preSolution
		Debug|Any CPU = Debug|Any CPU
		Release|Any CPU = Release|Any CPU
	EndGlobalSection
	GlobalSection(ProjectConfigurationPlatforms) = postSolution
		{E36BCD7B-962F-417C-880B-930B6C38E63A}.Debug|Any CPU.ActiveCfg = Debug|Any CPU
		{E36BCD7B-962F-417C-880B-930B6C38E63A}.Debug|Any CPU.Build.0 = Debug|Any CPU
		{E36BCD7B-962F-417C-880B-930B6C38E63A}.Release|Any CPU.ActiveCfg = Release|Any CPU
		{E36BCD7B-962F-417C-880B-930B6C38E63A}.Release|Any CPU.Build.0 = Release|Any CPU
	EndGlobalSection
	GlobalSection(SolutionProperties) = preSolution
		HideSolutionNode = FALSE
	EndGlobalSection
	GlobalSection(ExtensibilityGlobals) = postSolution
		SolutionGuid = {D3157590-CCCF-43CE-9FDC-4D774FC8A941}
	EndGlobalSection
EndGlobal
