
Microsoft Visual Studio Solution File, Format Version 12.00
# Visual Studio Version 17
VisualStudioVersion = 17.11.35327.3
MinimumVisualStudioVersion = 10.0.40219.1
Project("{FAE04EC0-301F-11D3-BF4B-00C04F79EFBC}") = "6DiasDeCodigo", "6DiasDeCodigo\6DiasDeCodigo.csproj", "{4E2ED99F-A3B7-4380-BF99-ADAD3E0DA448}"
EndProject
Global
	GlobalSection(SolutionConfigurationPlatforms) = preSolution
		Debug|Any CPU = Debug|Any CPU
		Release|Any CPU = Release|Any CPU
	EndGlobalSection
	GlobalSection(ProjectConfigurationPlatforms) = postSolution
		{4E2ED99F-A3B7-4380-BF99-ADAD3E0DA448}.Debug|Any CPU.ActiveCfg = Debug|Any CPU
		{4E2ED99F-A3B7-4380-BF99-ADAD3E0DA448}.Debug|Any CPU.Build.0 = Debug|Any CPU
		{4E2ED99F-A3B7-4380-BF99-ADAD3E0DA448}.Release|Any CPU.ActiveCfg = Release|Any CPU
		{4E2ED99F-A3B7-4380-BF99-ADAD3E0DA448}.Release|Any CPU.Build.0 = Release|Any CPU
	EndGlobalSection
	GlobalSection(SolutionProperties) = preSolution
		HideSolutionNode = FALSE
	EndGlobalSection
	GlobalSection(ExtensibilityGlobals) = postSolution
		SolutionGuid = {3DC20CC0-1E94-4FD5-8B7F-7E19A45DB1B8}
	EndGlobalSection
EndGlobal
