
Microsoft Visual Studio Solution File, Format Version 12.00
# Visual Studio Version 17
VisualStudioVersion = 17.13.35913.81 d17.13
MinimumVisualStudioVersion = 10.0.40219.1
Project("{FAE04EC0-301F-11D3-BF4B-00C04F79EFBC}") = "Interfaces", "Interfaces\Interfaces.csproj", "{21B1F589-C84A-4B48-B50C-D1FF4188CF9B}"
EndProject
Project("{FAE04EC0-301F-11D3-BF4B-00C04F79EFBC}") = "Desacoplamento", "Desacoplamento\Desacoplamento.csproj", "{A948DDDE-A0EC-4DE0-BBEE-D859246D3BE3}"
EndProject
Global
	GlobalSection(SolutionConfigurationPlatforms) = preSolution
		Debug|Any CPU = Debug|Any CPU
		Release|Any CPU = Release|Any CPU
	EndGlobalSection
	GlobalSection(ProjectConfigurationPlatforms) = postSolution
		{21B1F589-C84A-4B48-B50C-D1FF4188CF9B}.Debug|Any CPU.ActiveCfg = Debug|Any CPU
		{21B1F589-C84A-4B48-B50C-D1FF4188CF9B}.Debug|Any CPU.Build.0 = Debug|Any CPU
		{21B1F589-C84A-4B48-B50C-D1FF4188CF9B}.Release|Any CPU.ActiveCfg = Release|Any CPU
		{21B1F589-C84A-4B48-B50C-D1FF4188CF9B}.Release|Any CPU.Build.0 = Release|Any CPU
		{A948DDDE-A0EC-4DE0-BBEE-D859246D3BE3}.Debug|Any CPU.ActiveCfg = Debug|Any CPU
		{A948DDDE-A0EC-4DE0-BBEE-D859246D3BE3}.Debug|Any CPU.Build.0 = Debug|Any CPU
		{A948DDDE-A0EC-4DE0-BBEE-D859246D3BE3}.Release|Any CPU.ActiveCfg = Release|Any CPU
		{A948DDDE-A0EC-4DE0-BBEE-D859246D3BE3}.Release|Any CPU.Build.0 = Release|Any CPU
	EndGlobalSection
	GlobalSection(SolutionProperties) = preSolution
		HideSolutionNode = FALSE
	EndGlobalSection
	GlobalSection(ExtensibilityGlobals) = postSolution
		SolutionGuid = {D95B47A4-1256-46D1-836F-7417E2DA9EDC}
	EndGlobalSection
EndGlobal
